
Microsoft Visual Studio Solution File, Format Version 12.00
# Visual Studio 14
VisualStudioVersion = 14.0.24720.0
MinimumVisualStudioVersion = 10.0.40219.1
Project("{FAE04EC0-301F-11D3-BF4B-00C04F79EFBC}") = "DependencyGraphGenerator", "DependencyGraphGenerator\DependencyGraphGenerator.csproj", "{ED5F1F5E-1081-49E1-BA16-F22AF5FCAC02}"
	ProjectSection(ProjectDependencies) = postProject
		{89CB3F07-E914-4D86-BB24-57197A0535D6} = {89CB3F07-E914-4D86-BB24-57197A0535D6}
	EndProjectSection
EndProject
Project("{FAE04EC0-301F-11D3-BF4B-00C04F79EFBC}") = "PEAnalyzer", "PEAnalyzer\PEAnalyzer.csproj", "{89CB3F07-E914-4D86-BB24-57197A0535D6}"
EndProject
Project("{FAE04EC0-301F-11D3-BF4B-00C04F79EFBC}") = "DependencyGraphGeneratorFramework", "DependencyGraphGeneratorFramework\DependencyGraphGeneratorFramework.csproj", "{F07A5DAF-E01D-45CB-9BDC-99FC71E74EA7}"
EndProject
Project("{FAE04EC0-301F-11D3-BF4B-00C04F79EFBC}") = "GraphMLExporter", "GraphMLExporter\GraphMLExporter.csproj", "{9953B7FD-EBCC-4962-B869-1ED8C22CB45B}"
EndProject
Project("{FAE04EC0-301F-11D3-BF4B-00C04F79EFBC}") = "GraphvizExporter", "GraphvizExporter\GraphvizExporter.csproj", "{823A82F4-F156-45C2-80D9-4F2C31E4AC71}"
EndProject
Project("{FAE04EC0-301F-11D3-BF4B-00C04F79EFBC}") = "CSVExporter", "CSVExporter\CSVExporter.csproj", "{F3BA4742-F7CF-4E1B-876A-3A0586A447D7}"
EndProject
Project("{54435603-DBB4-11D2-8724-00A0C9A8B90C}") = "SetupDGG", "SetupDGG\SetupDGG.vdproj", "{B17B8F05-BED0-4184-AEC6-C0DDCB81A634}"
EndProject
Global
	GlobalSection(SolutionConfigurationPlatforms) = preSolution
		Debug|Any CPU = Debug|Any CPU
		Release|Any CPU = Release|Any CPU
	EndGlobalSection
	GlobalSection(ProjectConfigurationPlatforms) = postSolution
		{ED5F1F5E-1081-49E1-BA16-F22AF5FCAC02}.Debug|Any CPU.ActiveCfg = Debug|Any CPU
		{ED5F1F5E-1081-49E1-BA16-F22AF5FCAC02}.Debug|Any CPU.Build.0 = Debug|Any CPU
		{ED5F1F5E-1081-49E1-BA16-F22AF5FCAC02}.Release|Any CPU.ActiveCfg = Release|Any CPU
		{ED5F1F5E-1081-49E1-BA16-F22AF5FCAC02}.Release|Any CPU.Build.0 = Release|Any CPU
		{89CB3F07-E914-4D86-BB24-57197A0535D6}.Debug|Any CPU.ActiveCfg = Debug|Any CPU
		{89CB3F07-E914-4D86-BB24-57197A0535D6}.Debug|Any CPU.Build.0 = Debug|Any CPU
		{89CB3F07-E914-4D86-BB24-57197A0535D6}.Release|Any CPU.ActiveCfg = Release|Any CPU
		{89CB3F07-E914-4D86-BB24-57197A0535D6}.Release|Any CPU.Build.0 = Release|Any CPU
		{F07A5DAF-E01D-45CB-9BDC-99FC71E74EA7}.Debug|Any CPU.ActiveCfg = Debug|Any CPU
		{F07A5DAF-E01D-45CB-9BDC-99FC71E74EA7}.Debug|Any CPU.Build.0 = Debug|Any CPU
		{F07A5DAF-E01D-45CB-9BDC-99FC71E74EA7}.Release|Any CPU.ActiveCfg = Release|Any CPU
		{F07A5DAF-E01D-45CB-9BDC-99FC71E74EA7}.Release|Any CPU.Build.0 = Release|Any CPU
		{9953B7FD-EBCC-4962-B869-1ED8C22CB45B}.Debug|Any CPU.ActiveCfg = Debug|Any CPU
		{9953B7FD-EBCC-4962-B869-1ED8C22CB45B}.Debug|Any CPU.Build.0 = Debug|Any CPU
		{9953B7FD-EBCC-4962-B869-1ED8C22CB45B}.Release|Any CPU.ActiveCfg = Release|Any CPU
		{9953B7FD-EBCC-4962-B869-1ED8C22CB45B}.Release|Any CPU.Build.0 = Release|Any CPU
		{823A82F4-F156-45C2-80D9-4F2C31E4AC71}.Debug|Any CPU.ActiveCfg = Debug|Any CPU
		{823A82F4-F156-45C2-80D9-4F2C31E4AC71}.Debug|Any CPU.Build.0 = Debug|Any CPU
		{823A82F4-F156-45C2-80D9-4F2C31E4AC71}.Release|Any CPU.ActiveCfg = Release|Any CPU
		{823A82F4-F156-45C2-80D9-4F2C31E4AC71}.Release|Any CPU.Build.0 = Release|Any CPU
		{F3BA4742-F7CF-4E1B-876A-3A0586A447D7}.Debug|Any CPU.ActiveCfg = Debug|Any CPU
		{F3BA4742-F7CF-4E1B-876A-3A0586A447D7}.Debug|Any CPU.Build.0 = Debug|Any CPU
		{F3BA4742-F7CF-4E1B-876A-3A0586A447D7}.Release|Any CPU.ActiveCfg = Release|Any CPU
		{F3BA4742-F7CF-4E1B-876A-3A0586A447D7}.Release|Any CPU.Build.0 = Release|Any CPU
		{B17B8F05-BED0-4184-AEC6-C0DDCB81A634}.Debug|Any CPU.ActiveCfg = Debug
		{B17B8F05-BED0-4184-AEC6-C0DDCB81A634}.Release|Any CPU.ActiveCfg = Release
	EndGlobalSection
	GlobalSection(SolutionProperties) = preSolution
		HideSolutionNode = FALSE
	EndGlobalSection
EndGlobal
